{
  "requires": true,
  "lockfileVersion": 1,
  "dependencies": {
    "kontrl-sidebars": {
      "version": "1.0.0",
      "resolved": "https://registry.npmjs.org/kontrl-sidebars/-/kontrl-sidebars-1.0.0.tgz",
      "integrity": "sha512-hi/94rnDYQfJP2g9hstBgv/26SP+ogZygwfzci5UaG5f9tmTB/PsRIcwvjRUZXd9KpVwD+68v7rgP2i6v4gYtQ=="
    }
  }
}
